
Microsoft Visual Studio Solution File, Format Version 12.00
# Visual Studio Version 17
VisualStudioVersion = 17.5.002.0
MinimumVisualStudioVersion = 10.0.40219.1
Project("{2150E333-8FDC-42A3-9474-1A3956D46DE8}") = "csharp-prep", "csharp-prep", "{65F7CAF7-0F47-4FBC-A11D-4F4874CAE887}"
EndProject
Project("{9A19103F-16F7-4668-BE54-9A1E7A4F7556}") = "Prep1", "csharp-prep\Prep1\Prep1.csproj", "{B6E33CB9-C398-45D9-9895-75EB20A65720}"
EndProject
Project("{9A19103F-16F7-4668-BE54-9A1E7A4F7556}") = "Prep2", "csharp-prep\Prep2\Prep2.csproj", "{5320A5D0-BD25-4AD1-86E0-1C1D6F10CA50}"
EndProject
Project("{9A19103F-16F7-4668-BE54-9A1E7A4F7556}") = "Prep3", "csharp-prep\Prep3\Prep3.csproj", "{0B762DE6-49C9-4503-B6D3-820A0D572CC5}"
EndProject
Project("{9A19103F-16F7-4668-BE54-9A1E7A4F7556}") = "Prep4", "csharp-prep\Prep4\Prep4.csproj", "{D16C9288-7F73-4769-9FD0-BFE8F75F5A68}"
EndProject
Project("{9A19103F-16F7-4668-BE54-9A1E7A4F7556}") = "Prep5", "csharp-prep\Prep5\Prep5.csproj", "{6A80DB26-ADD8-48E0-9F88-966508FBE3A5}"
EndProject
Project("{2150E333-8FDC-42A3-9474-1A3956D46DE8}") = "final", "final", "{E83200EE-B63A-4534-AC40-0D3E021D1B3E}"
EndProject
Project("{9A19103F-16F7-4668-BE54-9A1E7A4F7556}") = "FinalProject", "final\FinalProject\FinalProject.csproj", "{7D5668B1-DB48-4738-90D9-5B4E8581DBC9}"
EndProject
Project("{9A19103F-16F7-4668-BE54-9A1E7A4F7556}") = "Foundation1", "final\Foundation1\Foundation1.csproj", "{980533A7-3C03-468C-9C92-8DF65DAD427A}"
EndProject
Project("{9A19103F-16F7-4668-BE54-9A1E7A4F7556}") = "Foundation2", "final\Foundation2\Foundation2.csproj", "{26A65533-F3B3-4978-88A2-C7C27A20843C}"
EndProject
Project("{9A19103F-16F7-4668-BE54-9A1E7A4F7556}") = "Foundation3", "final\Foundation3\Foundation3.csproj", "{AD698F70-A7B3-4222-B60D-504F5620062A}"
EndProject
Project("{9A19103F-16F7-4668-BE54-9A1E7A4F7556}") = "Foundation4", "final\Foundation4\Foundation4.csproj", "{93F3D6B5-3DEB-4B5D-BD43-5997824F867E}"
EndProject
Project("{2150E333-8FDC-42A3-9474-1A3956D46DE8}") = "prepare", "prepare", "{A3036143-BA7C-4E49-A657-7861C2849120}"
EndProject
Project("{9A19103F-16F7-4668-BE54-9A1E7A4F7556}") = "Learning02", "prepare\Learning02\Learning02.csproj", "{09B63230-A639-4A72-A735-3AE531DA8C35}"
EndProject
Project("{9A19103F-16F7-4668-BE54-9A1E7A4F7556}") = "Learning03", "prepare\Learning03\Learning03.csproj", "{FC1934A8-90C7-4B1F-8E15-1979A3508AE0}"
EndProject
Project("{9A19103F-16F7-4668-BE54-9A1E7A4F7556}") = "Learning04", "prepare\Learning04\Learning04.csproj", "{0A4C3C34-2103-41D2-A1F5-28E2D173D535}"
EndProject
Project("{9A19103F-16F7-4668-BE54-9A1E7A4F7556}") = "Learning05", "prepare\Learning05\Learning05.csproj", "{C5CD5F22-63E3-48F4-AA71-58F16C4BD5E5}"
EndProject
Project("{2150E333-8FDC-42A3-9474-1A3956D46DE8}") = "prove", "prove", "{0E466215-EC67-43E5-BB96-693421C9FD5B}"
EndProject
Project("{9A19103F-16F7-4668-BE54-9A1E7A4F7556}") = "Develop02", "prove\Develop02\Develop02.csproj", "{852523AB-82D0-4EC2-BF15-C144296D764A}"
EndProject
Project("{9A19103F-16F7-4668-BE54-9A1E7A4F7556}") = "Develop03", "prove\Develop03\Develop03.csproj", "{113F52E7-9EA4-415C-AE9E-FEC10A74AE20}"
EndProject
Project("{9A19103F-16F7-4668-BE54-9A1E7A4F7556}") = "Develop04", "prove\Develop04\Develop04.csproj", "{2E4ABF39-EB0F-4D9E-9CD3-FB2BAE4855FA}"
EndProject
Project("{9A19103F-16F7-4668-BE54-9A1E7A4F7556}") = "Develop05", "prove\Develop05\Develop05.csproj", "{3C6AC3BD-9ADA-4614-AE03-0ED6AEF78127}"
EndProject
Project("{2150E333-8FDC-42A3-9474-1A3956D46DE8}") = "sandbox", "sandbox", "{A6CB8E08-B475-4C1C-A72D-34669FD78139}"
EndProject
Project("{9A19103F-16F7-4668-BE54-9A1E7A4F7556}") = "Sandbox", "sandbox\Sandbox\Sandbox.csproj", "{55FF20AA-DA4A-4511-9CA4-31AED666058C}"
EndProject
Global
	GlobalSection(SolutionConfigurationPlatforms) = preSolution
		Debug|Any CPU = Debug|Any CPU
		Release|Any CPU = Release|Any CPU
	EndGlobalSection
	GlobalSection(ProjectConfigurationPlatforms) = postSolution
		{B6E33CB9-C398-45D9-9895-75EB20A65720}.Debug|Any CPU.ActiveCfg = Debug|Any CPU
		{B6E33CB9-C398-45D9-9895-75EB20A65720}.Debug|Any CPU.Build.0 = Debug|Any CPU
		{B6E33CB9-C398-45D9-9895-75EB20A65720}.Release|Any CPU.ActiveCfg = Release|Any CPU
		{B6E33CB9-C398-45D9-9895-75EB20A65720}.Release|Any CPU.Build.0 = Release|Any CPU
		{5320A5D0-BD25-4AD1-86E0-1C1D6F10CA50}.Debug|Any CPU.ActiveCfg = Debug|Any CPU
		{5320A5D0-BD25-4AD1-86E0-1C1D6F10CA50}.Debug|Any CPU.Build.0 = Debug|Any CPU
		{5320A5D0-BD25-4AD1-86E0-1C1D6F10CA50}.Release|Any CPU.ActiveCfg = Release|Any CPU
		{5320A5D0-BD25-4AD1-86E0-1C1D6F10CA50}.Release|Any CPU.Build.0 = Release|Any CPU
		{0B762DE6-49C9-4503-B6D3-820A0D572CC5}.Debug|Any CPU.ActiveCfg = Debug|Any CPU
		{0B762DE6-49C9-4503-B6D3-820A0D572CC5}.Debug|Any CPU.Build.0 = Debug|Any CPU
		{0B762DE6-49C9-4503-B6D3-820A0D572CC5}.Release|Any CPU.ActiveCfg = Release|Any CPU
		{0B762DE6-49C9-4503-B6D3-820A0D572CC5}.Release|Any CPU.Build.0 = Release|Any CPU
		{D16C9288-7F73-4769-9FD0-BFE8F75F5A68}.Debug|Any CPU.ActiveCfg = Debug|Any CPU
		{D16C9288-7F73-4769-9FD0-BFE8F75F5A68}.Debug|Any CPU.Build.0 = Debug|Any CPU
		{D16C9288-7F73-4769-9FD0-BFE8F75F5A68}.Release|Any CPU.ActiveCfg = Release|Any CPU
		{D16C9288-7F73-4769-9FD0-BFE8F75F5A68}.Release|Any CPU.Build.0 = Release|Any CPU
		{6A80DB26-ADD8-48E0-9F88-966508FBE3A5}.Debug|Any CPU.ActiveCfg = Debug|Any CPU
		{6A80DB26-ADD8-48E0-9F88-966508FBE3A5}.Debug|Any CPU.Build.0 = Debug|Any CPU
		{6A80DB26-ADD8-48E0-9F88-966508FBE3A5}.Release|Any CPU.ActiveCfg = Release|Any CPU
		{6A80DB26-ADD8-48E0-9F88-966508FBE3A5}.Release|Any CPU.Build.0 = Release|Any CPU
		{7D5668B1-DB48-4738-90D9-5B4E8581DBC9}.Debug|Any CPU.ActiveCfg = Debug|Any CPU
		{7D5668B1-DB48-4738-90D9-5B4E8581DBC9}.Debug|Any CPU.Build.0 = Debug|Any CPU
		{7D5668B1-DB48-4738-90D9-5B4E8581DBC9}.Release|Any CPU.ActiveCfg = Release|Any CPU
		{7D5668B1-DB48-4738-90D9-5B4E8581DBC9}.Release|Any CPU.Build.0 = Release|Any CPU
		{980533A7-3C03-468C-9C92-8DF65DAD427A}.Debug|Any CPU.ActiveCfg = Debug|Any CPU
		{980533A7-3C03-468C-9C92-8DF65DAD427A}.Debug|Any CPU.Build.0 = Debug|Any CPU
		{980533A7-3C03-468C-9C92-8DF65DAD427A}.Release|Any CPU.ActiveCfg = Release|Any CPU
		{980533A7-3C03-468C-9C92-8DF65DAD427A}.Release|Any CPU.Build.0 = Release|Any CPU
		{26A65533-F3B3-4978-88A2-C7C27A20843C}.Debug|Any CPU.ActiveCfg = Debug|Any CPU
		{26A65533-F3B3-4978-88A2-C7C27A20843C}.Debug|Any CPU.Build.0 = Debug|Any CPU
		{26A65533-F3B3-4978-88A2-C7C27A20843C}.Release|Any CPU.ActiveCfg = Release|Any CPU
		{26A65533-F3B3-4978-88A2-C7C27A20843C}.Release|Any CPU.Build.0 = Release|Any CPU
		{AD698F70-A7B3-4222-B60D-504F5620062A}.Debug|Any CPU.ActiveCfg = Debug|Any CPU
		{AD698F70-A7B3-4222-B60D-504F5620062A}.Debug|Any CPU.Build.0 = Debug|Any CPU
		{AD698F70-A7B3-4222-B60D-504F5620062A}.Release|Any CPU.ActiveCfg = Release|Any CPU
		{AD698F70-A7B3-4222-B60D-504F5620062A}.Release|Any CPU.Build.0 = Release|Any CPU
		{93F3D6B5-3DEB-4B5D-BD43-5997824F867E}.Debug|Any CPU.ActiveCfg = Debug|Any CPU
		{93F3D6B5-3DEB-4B5D-BD43-5997824F867E}.Debug|Any CPU.Build.0 = Debug|Any CPU
		{93F3D6B5-3DEB-4B5D-BD43-5997824F867E}.Release|Any CPU.ActiveCfg = Release|Any CPU
		{93F3D6B5-3DEB-4B5D-BD43-5997824F867E}.Release|Any CPU.Build.0 = Release|Any CPU
		{09B63230-A639-4A72-A735-3AE531DA8C35}.Debug|Any CPU.ActiveCfg = Debug|Any CPU
		{09B63230-A639-4A72-A735-3AE531DA8C35}.Debug|Any CPU.Build.0 = Debug|Any CPU
		{09B63230-A639-4A72-A735-3AE531DA8C35}.Release|Any CPU.ActiveCfg = Release|Any CPU
		{09B63230-A639-4A72-A735-3AE531DA8C35}.Release|Any CPU.Build.0 = Release|Any CPU
		{FC1934A8-90C7-4B1F-8E15-1979A3508AE0}.Debug|Any CPU.ActiveCfg = Debug|Any CPU
		{FC1934A8-90C7-4B1F-8E15-1979A3508AE0}.Debug|Any CPU.Build.0 = Debug|Any CPU
		{FC1934A8-90C7-4B1F-8E15-1979A3508AE0}.Release|Any CPU.ActiveCfg = Release|Any CPU
		{FC1934A8-90C7-4B1F-8E15-1979A3508AE0}.Release|Any CPU.Build.0 = Release|Any CPU
		{0A4C3C34-2103-41D2-A1F5-28E2D173D535}.Debug|Any CPU.ActiveCfg = Debug|Any CPU
		{0A4C3C34-2103-41D2-A1F5-28E2D173D535}.Debug|Any CPU.Build.0 = Debug|Any CPU
		{0A4C3C34-2103-41D2-A1F5-28E2D173D535}.Release|Any CPU.ActiveCfg = Release|Any CPU
		{0A4C3C34-2103-41D2-A1F5-28E2D173D535}.Release|Any CPU.Build.0 = Release|Any CPU
		{C5CD5F22-63E3-48F4-AA71-58F16C4BD5E5}.Debug|Any CPU.ActiveCfg = Debug|Any CPU
		{C5CD5F22-63E3-48F4-AA71-58F16C4BD5E5}.Debug|Any CPU.Build.0 = Debug|Any CPU
		{C5CD5F22-63E3-48F4-AA71-58F16C4BD5E5}.Release|Any CPU.ActiveCfg = Release|Any CPU
		{C5CD5F22-63E3-48F4-AA71-58F16C4BD5E5}.Release|Any CPU.Build.0 = Release|Any CPU
		{852523AB-82D0-4EC2-BF15-C144296D764A}.Debug|Any CPU.ActiveCfg = Debug|Any CPU
		{852523AB-82D0-4EC2-BF15-C144296D764A}.Debug|Any CPU.Build.0 = Debug|Any CPU
		{852523AB-82D0-4EC2-BF15-C144296D764A}.Release|Any CPU.ActiveCfg = Release|Any CPU
		{852523AB-82D0-4EC2-BF15-C144296D764A}.Release|Any CPU.Build.0 = Release|Any CPU
		{113F52E7-9EA4-415C-AE9E-FEC10A74AE20}.Debug|Any CPU.ActiveCfg = Debug|Any CPU
		{113F52E7-9EA4-415C-AE9E-FEC10A74AE20}.Debug|Any CPU.Build.0 = Debug|Any CPU
		{113F52E7-9EA4-415C-AE9E-FEC10A74AE20}.Release|Any CPU.ActiveCfg = Release|Any CPU
		{113F52E7-9EA4-415C-AE9E-FEC10A74AE20}.Release|Any CPU.Build.0 = Release|Any CPU
		{2E4ABF39-EB0F-4D9E-9CD3-FB2BAE4855FA}.Debug|Any CPU.ActiveCfg = Debug|Any CPU
		{2E4ABF39-EB0F-4D9E-9CD3-FB2BAE4855FA}.Debug|Any CPU.Build.0 = Debug|Any CPU
		{2E4ABF39-EB0F-4D9E-9CD3-FB2BAE4855FA}.Release|Any CPU.ActiveCfg = Release|Any CPU
		{2E4ABF39-EB0F-4D9E-9CD3-FB2BAE4855FA}.Release|Any CPU.Build.0 = Release|Any CPU
		{3C6AC3BD-9ADA-4614-AE03-0ED6AEF78127}.Debug|Any CPU.ActiveCfg = Debug|Any CPU
		{3C6AC3BD-9ADA-4614-AE03-0ED6AEF78127}.Debug|Any CPU.Build.0 = Debug|Any CPU
		{3C6AC3BD-9ADA-4614-AE03-0ED6AEF78127}.Release|Any CPU.ActiveCfg = Release|Any CPU
		{3C6AC3BD-9ADA-4614-AE03-0ED6AEF78127}.Release|Any CPU.Build.0 = Release|Any CPU
		{55FF20AA-DA4A-4511-9CA4-31AED666058C}.Debug|Any CPU.ActiveCfg = Debug|Any CPU
		{55FF20AA-DA4A-4511-9CA4-31AED666058C}.Debug|Any CPU.Build.0 = Debug|Any CPU
		{55FF20AA-DA4A-4511-9CA4-31AED666058C}.Release|Any CPU.ActiveCfg = Release|Any CPU
		{55FF20AA-DA4A-4511-9CA4-31AED666058C}.Release|Any CPU.Build.0 = Release|Any CPU
	EndGlobalSection
	GlobalSection(SolutionProperties) = preSolution
		HideSolutionNode = FALSE
	EndGlobalSection
	GlobalSection(NestedProjects) = preSolution
		{B6E33CB9-C398-45D9-9895-75EB20A65720} = {65F7CAF7-0F47-4FBC-A11D-4F4874CAE887}
		{5320A5D0-BD25-4AD1-86E0-1C1D6F10CA50} = {65F7CAF7-0F47-4FBC-A11D-4F4874CAE887}
		{0B762DE6-49C9-4503-B6D3-820A0D572CC5} = {65F7CAF7-0F47-4FBC-A11D-4F4874CAE887}
		{D16C9288-7F73-4769-9FD0-BFE8F75F5A68} = {65F7CAF7-0F47-4FBC-A11D-4F4874CAE887}
		{6A80DB26-ADD8-48E0-9F88-966508FBE3A5} = {65F7CAF7-0F47-4FBC-A11D-4F4874CAE887}
		{7D5668B1-DB48-4738-90D9-5B4E8581DBC9} = {E83200EE-B63A-4534-AC40-0D3E021D1B3E}
		{980533A7-3C03-468C-9C92-8DF65DAD427A} = {E83200EE-B63A-4534-AC40-0D3E021D1B3E}
		{26A65533-F3B3-4978-88A2-C7C27A20843C} = {E83200EE-B63A-4534-AC40-0D3E021D1B3E}
		{AD698F70-A7B3-4222-B60D-504F5620062A} = {E83200EE-B63A-4534-AC40-0D3E021D1B3E}
		{93F3D6B5-3DEB-4B5D-BD43-5997824F867E} = {E83200EE-B63A-4534-AC40-0D3E021D1B3E}
		{09B63230-A639-4A72-A735-3AE531DA8C35} = {A3036143-BA7C-4E49-A657-7861C2849120}
		{FC1934A8-90C7-4B1F-8E15-1979A3508AE0} = {A3036143-BA7C-4E49-A657-7861C2849120}
		{0A4C3C34-2103-41D2-A1F5-28E2D173D535} = {A3036143-BA7C-4E49-A657-7861C2849120}
		{C5CD5F22-63E3-48F4-AA71-58F16C4BD5E5} = {A3036143-BA7C-4E49-A657-7861C2849120}
		{852523AB-82D0-4EC2-BF15-C144296D764A} = {0E466215-EC67-43E5-BB96-693421C9FD5B}
		{113F52E7-9EA4-415C-AE9E-FEC10A74AE20} = {0E466215-EC67-43E5-BB96-693421C9FD5B}
		{2E4ABF39-EB0F-4D9E-9CD3-FB2BAE4855FA} = {0E466215-EC67-43E5-BB96-693421C9FD5B}
		{3C6AC3BD-9ADA-4614-AE03-0ED6AEF78127} = {0E466215-EC67-43E5-BB96-693421C9FD5B}
		{55FF20AA-DA4A-4511-9CA4-31AED666058C} = {A6CB8E08-B475-4C1C-A72D-34669FD78139}
	EndGlobalSection
	GlobalSection(ExtensibilityGlobals) = postSolution
		SolutionGuid = {A4B69150-1322-44BB-84C3-CD19C5885F60}
	EndGlobalSection
EndGlobal
